<Solution>
  <Folder Name="/BuildingBlocks/">
    <Project Path="BuildingBlocks/BuildingBlocks.csproj" Id="ea328a14-5642-44a1-8f27-0514fa6afaf4" />
  </Folder>
  <Folder Name="/Services/" />
  <Folder Name="/Services/Basket/">
    <Project Path="Services/Basket/Basket.API/Basket.API.csproj" Id="5371b8bf-5ded-4090-8fec-8be03d747e5b" />
  </Folder>
  <Folder Name="/Services/Catalog/">
    <Project Path="Services/Catalog/CatalogAPI/CatalogAPI.csproj" Id="f3203268-49f3-45a3-911d-4355ff5f5cb7" />
  </Folder>
  <Folder Name="/Services/Discount/">
    <Project Path="Services/Discount/Discount.Grpc/Discount.Grpc.csproj" Id="d4d5b709-d6a0-474c-8bab-060a1441ddd5" />
  </Folder>
  <Folder Name="/Services/Ordering/">
    <Project Path="Services/Ordering/Ordering.API/Ordering.API.csproj" Id="273da446-d13a-4a9f-9e25-b4714dc90948" />
    <Project Path="Services/Ordering/Ordering.Application/Ordering.Application.csproj" Id="822433d8-a9b5-4a80-bea0-dde6121666c4" />
    <Project Path="Services/Ordering/Ordering.Domain/Ordering.Domain.csproj" Id="59ab4c7b-e86e-492c-90c7-ef7b2ccd77bb" />
    <Project Path="Services/Ordering/Ordering.Infrastructure/Ordering.Infrastructure.csproj" Id="176964c6-6c65-4231-bcbc-5d6a9bfaa97e" />
  </Folder>
  <Project Path="docker-compose.dcproj">
    <Build />
  </Project>
</Solution>
